hash: 693b2347d7f5210b0b8f87733db38950a7ecac7176f939f2ae994af39e3fb498
updated: 2017-04-05T14:24:02.091377216-04:00
imports:
- name: github.com/gorilla/context
  version: 08b5f424b9271eedf6f9f0ce86cb9396ed337a42
- name: github.com/gorilla/mux
  version: 392c28fe23e1c45ddba891b0320b3b5df220beea
- name: github.com/inconshreveable/mousetrap
  version: 76626ae9c91c4f2a10f34cad8ce83ea42c93bb75
- name: github.com/paulsmith/gogeos
  version: 21f81b2ea5af44d3f6029cc3e5bbbd26b2425236
  subpackages:
  - geos
- name: github.com/spf13/cobra
  version: 7aeaa2cce6ae7e18d2a6ee597b60ee137e999bd9
- name: github.com/spf13/pflag
  version: 9a906f17374922ed0f74e1b2f593d3723f2ffb00
- name: github.com/venicegeo/geojson-geos-go
  version: 2b00dd2eb6e57fd945e7372d11144146307e72dc
  subpackages:
  - geojsongeos
- name: github.com/venicegeo/geojson-go
  version: 6e163c1e0f7948355597c7782b34aa7241d1d09f
  subpackages:
  - geojson
- name: github.com/venicegeo/pzsvc-lib
  version: fca89502ff2ce249801471974ee338b472e7a9b3
- name: gopkg.in/bsm/ratelimit.v1
  version: db14e161995a5177acef654cb0dd785e8ee8bc22
- name: gopkg.in/redis.v3
  version: b5e368500d0a508ef8f16e9c2d4025a8a46bcc29
  subpackages:
  - internal
  - internal/consistenthash
  - internal/hashtag
  - internal/pool
testImports: []
